// !$*UTF8*$!
{
	archiveVersion = 1;
	classes = {
	};
	objectVersion = 55;
	objects = {

/* Begin PBXBuildFile section */
		F590C7A22879AE4A0043CFFA /* CoreDataModelFishingHistory.xcdatamodeld in Sources */ = {isa = PBXBuildFile; fileRef = F590C7A02879AE490043CFFA /* CoreDataModelFishingHistory.xcdatamodeld */; };
		F59954D22865FAB3004F936C /* FisherApp.swift in Sources */ = {isa = PBXBuildFile; fileRef = F59954D12865FAB3004F936C /* FisherApp.swift */; };
		F59954D42865FAB3004F936C /* ContentView.swift in Sources */ = {isa = PBXBuildFile; fileRef = F59954D32865FAB3004F936C /* ContentView.swift */; };
		F59954D62865FAB9004F936C /* Assets.xcassets in Resources */ = {isa = PBXBuildFile; fileRef = F59954D52865FAB9004F936C /* Assets.xcassets */; };
		F59954D92865FAB9004F936C /* Preview Assets.xcassets in Resources */ = {isa = PBXBuildFile; fileRef = F59954D82865FAB9004F936C /* Preview Assets.xcassets */; };
		F59954E52867A052004F936C /* FishingHistory.swift in Sources */ = {isa = PBXBuildFile; fileRef = F59954E42867A052004F936C /* FishingHistory.swift */; };
		F59954E72867A864004F936C /* DetailView.swift in Sources */ = {isa = PBXBuildFile; fileRef = F59954E62867A864004F936C /* DetailView.swift */; };
		F5B408DF28B86E0D00E77337 /* FishingDay+CoreDataClass.swift in Sources */ = {isa = PBXBuildFile; fileRef = F5B408DB28B86E0D00E77337 /* FishingDay+CoreDataClass.swift */; };
		F5B408E028B86E0D00E77337 /* FishingDay+CoreDataProperties.swift in Sources */ = {isa = PBXBuildFile; fileRef = F5B408DC28B86E0D00E77337 /* FishingDay+CoreDataProperties.swift */; };
		F5B408E128B86E0D00E77337 /* Fish+CoreDataClass.swift in Sources */ = {isa = PBXBuildFile; fileRef = F5B408DD28B86E0D00E77337 /* Fish+CoreDataClass.swift */; };
		F5B408E228B86E0D00E77337 /* Fish+CoreDataProperties.swift in Sources */ = {isa = PBXBuildFile; fileRef = F5B408DE28B86E0D00E77337 /* Fish+CoreDataProperties.swift */; };
/* End PBXBuildFile section */

/* Begin PBXFileReference section */
		F590C7A12879AE490043CFFA /* CoreDataModelFishingHistory.xcdatamodel */ = {isa = PBXFileReference; lastKnownFileType = wrapper.xcdatamodel; path = CoreDataModelFishingHistory.xcdatamodel; sourceTree = "<group>"; };
		F59954CE2865FAB3004F936C /* Fisher.app */ = {isa = PBXFileReference; explicitFileType = wrapper.application; includeInIndex = 0; path = Fisher.app; sourceTree = BUILT_PRODUCTS_DIR; };
		F59954D12865FAB3004F936C /* FisherApp.swift */ = {isa = PBXFileReference; lastKnownFileType = sourcecode.swift; path = FisherApp.swift; sourceTree = "<group>"; };
		F59954D32865FAB3004F936C /* ContentView.swift */ = {isa = PBXFileReference; lastKnownFileType = sourcecode.swift; path = ContentView.swift; sourceTree = "<group>"; };
		F59954D52865FAB9004F936C /* Assets.xcassets */ = {isa = PBXFileReference; lastKnownFileType = folder.assetcatalog; path = Assets.xcassets; sourceTree = "<group>"; };
		F59954D82865FAB9004F936C /* Preview Assets.xcassets */ = {isa = PBXFileReference; lastKnownFileType = folder.assetcatalog; path = "Preview Assets.xcassets"; sourceTree = "<group>"; };
		F59954E42867A052004F936C /* FishingHistory.swift */ = {isa = PBXFileReference; lastKnownFileType = sourcecode.swift; path = FishingHistory.swift; sourceTree = "<group>"; };
		F59954E62867A864004F936C /* DetailView.swift */ = {isa = PBXFileReference; lastKnownFileType = sourcecode.swift; path = DetailView.swift; sourceTree = "<group>"; };
		F5B408DB28B86E0D00E77337 /* FishingDay+CoreDataClass.swift */ = {isa = PBXFileReference; lastKnownFileType = sourcecode.swift; path = "FishingDay+CoreDataClass.swift"; sourceTree = SOURCE_ROOT; };
		F5B408DC28B86E0D00E77337 /* FishingDay+CoreDataProperties.swift */ = {isa = PBXFileReference; lastKnownFileType = sourcecode.swift; path = "FishingDay+CoreDataProperties.swift"; sourceTree = SOURCE_ROOT; };
		F5B408DD28B86E0D00E77337 /* Fish+CoreDataClass.swift */ = {isa = PBXFileReference; lastKnownFileType = sourcecode.swift; path = "Fish+CoreDataClass.swift"; sourceTree = SOURCE_ROOT; };
		F5B408DE28B86E0D00E77337 /* Fish+CoreDataProperties.swift */ = {isa = PBXFileReference; lastKnownFileType = sourcecode.swift; path = "Fish+CoreDataProperties.swift"; sourceTree = SOURCE_ROOT; };
/* End PBXFileReference section */

/* Begin PBXFrameworksBuildPhase section */
		F59954CB2865FAB2004F936C /* Frameworks */ = {
			isa = PBXFrameworksBuildPhase;
			buildActionMask = 2147483647;
			files = (
			);
			runOnlyForDeploymentPostprocessing = 0;
		};
/* End PBXFrameworksBuildPhase section */

/* Begin PBXGroup section */
		F59954C52865FAB2004F936C = {
			isa = PBXGroup;
			children = (
				F59954D02865FAB3004F936C /* Fisher */,
				F59954CF2865FAB3004F936C /* Products */,
			);
			sourceTree = "<group>";
		};
		F59954CF2865FAB3004F936C /* Products */ = {
			isa = PBXGroup;
			children = (
				F59954CE2865FAB3004F936C /* Fisher.app */,
			);
			name = Products;
			sourceTree = "<group>";
		};
		F59954D02865FAB3004F936C /* Fisher */ = {
			isa = PBXGroup;
			children = (
				F59954D12865FAB3004F936C /* FisherApp.swift */,
				F59954DF28679718004F936C /* Model */,
				F59954E12867973E004F936C /* View */,
				F59954E028679728004F936C /* ViewModel */,
				F59954D52865FAB9004F936C /* Assets.xcassets */,
				F59954D72865FAB9004F936C /* Preview Content */,
			);
			path = Fisher;
			sourceTree = "<group>";
		};
		F59954D72865FAB9004F936C /* Preview Content */ = {
			isa = PBXGroup;
			children = (
				F59954D82865FAB9004F936C /* Preview Assets.xcassets */,
			);
			path = "Preview Content";
			sourceTree = "<group>";
		};
		F59954DF28679718004F936C /* Model */ = {
			isa = PBXGroup;
			children = (
				F5B408DB28B86E0D00E77337 /* FishingDay+CoreDataClass.swift */,
				F5B408DC28B86E0D00E77337 /* FishingDay+CoreDataProperties.swift */,
				F5B408DD28B86E0D00E77337 /* Fish+CoreDataClass.swift */,
				F5B408DE28B86E0D00E77337 /* Fish+CoreDataProperties.swift */,
				F590C7A02879AE490043CFFA /* CoreDataModelFishingHistory.xcdatamodeld */,
			);
			path = Model;
			sourceTree = "<group>";
		};
		F59954E028679728004F936C /* ViewModel */ = {
			isa = PBXGroup;
			children = (
				F59954E42867A052004F936C /* FishingHistory.swift */,
			);
			path = ViewModel;
			sourceTree = "<group>";
		};
		F59954E12867973E004F936C /* View */ = {
			isa = PBXGroup;
			children = (
				F59954D32865FAB3004F936C /* ContentView.swift */,
				F59954E62867A864004F936C /* DetailView.swift */,
			);
			path = View;
			sourceTree = "<group>";
		};
/* End PBXGroup section */

/* Begin PBXNativeTarget section */
		F59954CD2865FAB2004F936C /* Fisher */ = {
			isa = PBXNativeTarget;
			buildConfigurationList = F59954DC2865FAB9004F936C /* Build configuration list for PBXNativeTarget "Fisher" */;
			buildPhases = (
				F59954CA2865FAB2004F936C /* Sources */,
				F59954CB2865FAB2004F936C /* Frameworks */,
				F59954CC2865FAB2004F936C /* Resources */,
			);
			buildRules = (
			);
			dependencies = (
			);
			name = Fisher;
			productName = Fisher;
			productReference = F59954CE2865FAB3004F936C /* Fisher.app */;
			productType = "com.apple.product-type.application";
		};
/* End PBXNativeTarget section */

/* Begin PBXProject section */
		F59954C62865FAB2004F936C /* Project object */ = {
			isa = PBXProject;
			attributes = {
				BuildIndependentTargetsInParallel = 1;
				LastSwiftUpdateCheck = 1340;
				LastUpgradeCheck = 1340;
				TargetAttributes = {
					F59954CD2865FAB2004F936C = {
						CreatedOnToolsVersion = 13.4.1;
					};
				};
			};
			buildConfigurationList = F59954C92865FAB2004F936C /* Build configuration list for PBXProject "Fisher" */;
			compatibilityVersion = "Xcode 13.0";
			developmentRegion = en;
			hasScannedForEncodings = 0;
			knownRegions = (
				en,
				Base,
			);
			mainGroup = F59954C52865FAB2004F936C;
			productRefGroup = F59954CF2865FAB3004F936C /* Products */;
			projectDirPath = "";
			projectRoot = "";
			targets = (
				F59954CD2865FAB2004F936C /* Fisher */,
			);
		};
/* End PBXProject section */

/* Begin PBXResourcesBuildPhase section */
		F59954CC2865FAB2004F936C /* Resources */ = {
			isa = PBXResourcesBuildPhase;
			buildActionMask = 2147483647;
			files = (
				F59954D92865FAB9004F936C /* Preview Assets.xcassets in Resources */,
				F59954D62865FAB9004F936C /* Assets.xcassets in Resources */,
			);
			runOnlyForDeploymentPostprocessing = 0;
		};
/* End PBXResourcesBuildPhase section */

/* Begin PBXSourcesBuildPhase section */
		F59954CA2865FAB2004F936C /* Sources */ = {
			isa = PBXSourcesBuildPhase;
			buildActionMask = 2147483647;
			files = (
				F5B408E228B86E0D00E77337 /* Fish+CoreDataProperties.swift in Sources */,
				F590C7A22879AE4A0043CFFA /* CoreDataModelFishingHistory.xcdatamodeld in Sources */,
				F5B408E128B86E0D00E77337 /* Fish+CoreDataClass.swift in Sources */,
				F5B408DF28B86E0D00E77337 /* FishingDay+CoreDataClass.swift in Sources */,
				F59954E52867A052004F936C /* FishingHistory.swift in Sources */,
				F59954D42865FAB3004F936C /* ContentView.swift in Sources */,
				F59954E72867A864004F936C /* DetailView.swift in Sources */,
				F5B408E028B86E0D00E77337 /* FishingDay+CoreDataProperties.swift in Sources */,
				F59954D22865FAB3004F936C /* FisherApp.swift in Sources */,
			);
			runOnlyForDeploymentPostprocessing = 0;
		};
/* End PBXSourcesBuildPhase section */

/* Begin XCBuildConfiguration section */
		F59954DA2865FAB9004F936C /* Debug */ = {
			isa = XCBuildConfiguration;
			buildSettings = {
				ALWAYS_SEARCH_USER_PATHS = NO;
				CLANG_ANALYZER_NONNULL = YES;
				CLANG_ANALYZER_NUMBER_OBJECT_CONVERSION = YES_AGGRESSIVE;
				CLANG_CXX_LANGUAGE_STANDARD = "gnu++17";
				CLANG_ENABLE_MODULES = YES;
				CLANG_ENABLE_OBJC_ARC = YES;
				CLANG_ENABLE_OBJC_WEAK = YES;
				CLANG_WARN_BLOCK_CAPTURE_AUTORELEASING = YES;
				CLANG_WARN_BOOL_CONVERSION = YES;
				CLANG_WARN_COMMA = YES;
				CLANG_WARN_CONSTANT_CONVERSION = YES;
				CLANG_WARN_DEPRECATED_OBJC_IMPLEMENTATIONS = YES;
				CLANG_WARN_DIRECT_OBJC_ISA_USAGE = YES_ERROR;
				CLANG_WARN_DOCUMENTATION_COMMENTS = YES;
				CLANG_WARN_EMPTY_BODY = YES;
				CLANG_WARN_ENUM_CONVERSION = YES;
				CLANG_WARN_INFINITE_RECURSION = YES;
				CLANG_WARN_INT_CONVERSION = YES;
				CLANG_WARN_NON_LITERAL_NULL_CONVERSION = YES;
				CLANG_WARN_OBJC_IMPLICIT_RETAIN_SELF = YES;
				CLANG_WARN_OBJC_LITERAL_CONVERSION = YES;
				CLANG_WARN_OBJC_ROOT_CLASS = YES_ERROR;
				CLANG_WARN_QUOTED_INCLUDE_IN_FRAMEWORK_HEADER = YES;
				CLANG_WARN_RANGE_LOOP_ANALYSIS = YES;
				CLANG_WARN_STRICT_PROTOTYPES = YES;
				CLANG_WARN_SUSPICIOUS_MOVE = YES;
				CLANG_WARN_UNGUARDED_AVAILABILITY = YES_AGGRESSIVE;
				CLANG_WARN_UNREACHABLE_CODE = YES;
				CLANG_WARN__DUPLICATE_METHOD_MATCH = YES;
				COPY_PHASE_STRIP = NO;
				DEBUG_INFORMATION_FORMAT = dwarf;
				ENABLE_STRICT_OBJC_MSGSEND = YES;
				ENABLE_TESTABILITY = YES;
				GCC_C_LANGUAGE_STANDARD = gnu11;
				GCC_DYNAMIC_NO_PIC = NO;
				GCC_NO_COMMON_BLOCKS = YES;
				GCC_OPTIMIZATION_LEVEL = 0;
				GCC_PREPROCESSOR_DEFINITIONS = (
					"DEBUG=1",
					"$(inherited)",
				);
				GCC_WARN_64_TO_32_BIT_CONVERSION = YES;
				GCC_WARN_ABOUT_RETURN_TYPE = YES_ERROR;
				GCC_WARN_UNDECLARED_SELECTOR = YES;
				GCC_WARN_UNINITIALIZED_AUTOS = YES_AGGRESSIVE;
				GCC_WARN_UNUSED_FUNCTION = YES;
				GCC_WARN_UNUSED_VARIABLE = YES;
				IPHONEOS_DEPLOYMENT_TARGET = 15.5;
				MTL_ENABLE_DEBUG_INFO = INCLUDE_SOURCE;
				MTL_FAST_MATH = YES;
				ONLY_ACTIVE_ARCH = YES;
				SDKROOT = iphoneos;
				SWIFT_ACTIVE_COMPILATION_CONDITIONS = DEBUG;
				SWIFT_OPTIMIZATION_LEVEL = "-Onone";
			};
			name = Debug;
		};
		F59954DB2865FAB9004F936C /* Release */ = {
			isa = XCBuildConfiguration;
			buildSettings = {
				ALWAYS_SEARCH_USER_PATHS = NO;
				CLANG_ANALYZER_NONNULL = YES;
				CLANG_ANALYZER_NUMBER_OBJECT_CONVERSION = YES_AGGRESSIVE;
				CLANG_CXX_LANGUAGE_STANDARD = "gnu++17";
				CLANG_ENABLE_MODULES = YES;
				CLANG_ENABLE_OBJC_ARC = YES;
				CLANG_ENABLE_OBJC_WEAK = YES;
				CLANG_WARN_BLOCK_CAPTURE_AUTORELEASING = YES;
				CLANG_WARN_BOOL_CONVERSION = YES;
				CLANG_WARN_COMMA = YES;
				CLANG_WARN_CONSTANT_CONVERSION = YES;
				CLANG_WARN_DEPRECATED_OBJC_IMPLEMENTATIONS = YES;
				CLANG_WARN_DIRECT_OBJC_ISA_USAGE = YES_ERROR;
				CLANG_WARN_DOCUMENTATION_COMMENTS = YES;
				CLANG_WARN_EMPTY_BODY = YES;
				CLANG_WARN_ENUM_CONVERSION = YES;
				CLANG_WARN_INFINITE_RECURSION = YES;
				CLANG_WARN_INT_CONVERSION = YES;
				CLANG_WARN_NON_LITERAL_NULL_CONVERSION = YES;
				CLANG_WARN_OBJC_IMPLICIT_RETAIN_SELF = YES;
				CLANG_WARN_OBJC_LITERAL_CONVERSION = YES;
				CLANG_WARN_OBJC_ROOT_CLASS = YES_ERROR;
				CLANG_WARN_QUOTED_INCLUDE_IN_FRAMEWORK_HEADER = YES;
				CLANG_WARN_RANGE_LOOP_ANALYSIS = YES;
				CLANG_WARN_STRICT_PROTOTYPES = YES;
				CLANG_WARN_SUSPICIOUS_MOVE = YES;
				CLANG_WARN_UNGUARDED_AVAILABILITY = YES_AGGRESSIVE;
				CLANG_WARN_UNREACHABLE_CODE = YES;
				CLANG_WARN__DUPLICATE_METHOD_MATCH = YES;
				COPY_PHASE_STRIP = NO;
				DEBUG_INFORMATION_FORMAT = "dwarf-with-dsym";
				ENABLE_NS_ASSERTIONS = NO;
				ENABLE_STRICT_OBJC_MSGSEND = YES;
				GCC_C_LANGUAGE_STANDARD = gnu11;
				GCC_NO_COMMON_BLOCKS = YES;
				GCC_WARN_64_TO_32_BIT_CONVERSION = YES;
				GCC_WARN_ABOUT_RETURN_TYPE = YES_ERROR;
				GCC_WARN_UNDECLARED_SELECTOR = YES;
				GCC_WARN_UNINITIALIZED_AUTOS = YES_AGGRESSIVE;
				GCC_WARN_UNUSED_FUNCTION = YES;
				GCC_WARN_UNUSED_VARIABLE = YES;
				IPHONEOS_DEPLOYMENT_TARGET = 15.5;
				MTL_ENABLE_DEBUG_INFO = NO;
				MTL_FAST_MATH = YES;
				SDKROOT = iphoneos;
				SWIFT_COMPILATION_MODE = wholemodule;
				SWIFT_OPTIMIZATION_LEVEL = "-O";
				VALIDATE_PRODUCT = YES;
			};
			name = Release;
		};
		F59954DD2865FAB9004F936C /* Debug */ = {
			isa = XCBuildConfiguration;
			buildSettings = {
				ASSETCATALOG_COMPILER_APPICON_NAME = AppIcon;
				ASSETCATALOG_COMPILER_GLOBAL_ACCENT_COLOR_NAME = AccentColor;
				CODE_SIGN_STYLE = Automatic;
				CURRENT_PROJECT_VERSION = 1;
				DEVELOPMENT_ASSET_PATHS = "\"Fisher/Preview Content\"";
				DEVELOPMENT_TEAM = X936W7QRV9;
				ENABLE_PREVIEWS = YES;
				GENERATE_INFOPLIST_FILE = YES;
				INFOPLIST_KEY_UIApplicationSceneManifest_Generation = YES;
				INFOPLIST_KEY_UIApplicationSupportsIndirectInputEvents = YES;
				INFOPLIST_KEY_UILaunchScreen_Generation = YES;
				INFOPLIST_KEY_UISupportedInterfaceOrientations = UIInterfaceOrientationPortrait;
				INFOPLIST_KEY_UISupportedInterfaceOrientations_iPad = "UIInterfaceOrientationPortrait UIInterfaceOrientationPortraitUpsideDown UIInterfaceOrientationLandscapeLeft UIInterfaceOrientationLandscapeRight";
				INFOPLIST_KEY_UISupportedInterfaceOrientations_iPhone = "UIInterfaceOrientationPortrait UIInterfaceOrientationLandscapeLeft UIInterfaceOrientationLandscapeRight";
				LD_RUNPATH_SEARCH_PATHS = (
					"$(inherited)",
					"@executable_path/Frameworks",
				);
				MARKETING_VERSION = 1.0;
				PRODUCT_BUNDLE_IDENTIFIER = "mac.free.lit-gmail.com.Fisher";
				PRODUCT_NAME = "$(TARGET_NAME)";
				SWIFT_EMIT_LOC_STRINGS = YES;
				SWIFT_VERSION = 5.0;
				TARGETED_DEVICE_FAMILY = "1,2";
			};
			name = Debug;
		};
		F59954DE2865FAB9004F936C /* Release */ = {
			isa = XCBuildConfiguration;
			buildSettings = {
				ASSETCATALOG_COMPILER_APPICON_NAME = AppIcon;
				ASSETCATALOG_COMPILER_GLOBAL_ACCENT_COLOR_NAME = AccentColor;
				CODE_SIGN_STYLE = Automatic;
				CURRENT_PROJECT_VERSION = 1;
				DEVELOPMENT_ASSET_PATHS = "\"Fisher/Preview Content\"";
				DEVELOPMENT_TEAM = X936W7QRV9;
				ENABLE_PREVIEWS = YES;
				GENERATE_INFOPLIST_FILE = YES;
				INFOPLIST_KEY_UIApplicationSceneManifest_Generation = YES;
				INFOPLIST_KEY_UIApplicationSupportsIndirectInputEvents = YES;
				INFOPLIST_KEY_UILaunchScreen_Generation = YES;
				INFOPLIST_KEY_UISupportedInterfaceOrientations = UIInterfaceOrientationPortrait;
				INFOPLIST_KEY_UISupportedInterfaceOrientations_iPad = "UIInterfaceOrientationPortrait UIInterfaceOrientationPortraitUpsideDown UIInterfaceOrientationLandscapeLeft UIInterfaceOrientationLandscapeRight";
				INFOPLIST_KEY_UISupportedInterfaceOrientations_iPhone = "UIInterfaceOrientationPortrait UIInterfaceOrientationLandscapeLeft UIInterfaceOrientationLandscapeRight";
				LD_RUNPATH_SEARCH_PATHS = (
					"$(inherited)",
					"@executable_path/Frameworks",
				);
				MARKETING_VERSION = 1.0;
				PRODUCT_BUNDLE_IDENTIFIER = "mac.free.lit-gmail.com.Fisher";
				PRODUCT_NAME = "$(TARGET_NAME)";
				SWIFT_EMIT_LOC_STRINGS = YES;
				SWIFT_VERSION = 5.0;
				TARGETED_DEVICE_FAMILY = "1,2";
			};
			name = Release;
		};
/* End XCBuildConfiguration section */

/* Begin XCConfigurationList section */
		F59954C92865FAB2004F936C /* Build configuration list for PBXProject "Fisher" */ = {
			isa = XCConfigurationList;
			buildConfigurations = (
				F59954DA2865FAB9004F936C /* Debug */,
				F59954DB2865FAB9004F936C /* Release */,
			);
			defaultConfigurationIsVisible = 0;
			defaultConfigurationName = Release;
		};
		F59954DC2865FAB9004F936C /* Build configuration list for PBXNativeTarget "Fisher" */ = {
			isa = XCConfigurationList;
			buildConfigurations = (
				F59954DD2865FAB9004F936C /* Debug */,
				F59954DE2865FAB9004F936C /* Release */,
			);
			defaultConfigurationIsVisible = 0;
			defaultConfigurationName = Release;
		};
/* End XCConfigurationList section */

/* Begin XCVersionGroup section */
		F590C7A02879AE490043CFFA /* CoreDataModelFishingHistory.xcdatamodeld */ = {
			isa = XCVersionGroup;
			children = (
				F590C7A12879AE490043CFFA /* CoreDataModelFishingHistory.xcdatamodel */,
			);
			currentVersion = F590C7A12879AE490043CFFA /* CoreDataModelFishingHistory.xcdatamodel */;
			path = CoreDataModelFishingHistory.xcdatamodeld;
			sourceTree = "<group>";
			versionGroupType = wrapper.xcdatamodel;
		};
/* End XCVersionGroup section */
	};
	rootObject = F59954C62865FAB2004F936C /* Project object */;
}
